{
  "requires": true,
  "lockfileVersion": 1,
  "dependencies": {
    "tsx-control-statements": {
      "version": "0.0.9",
      "resolved": "https://registry.npmjs.org/tsx-control-statements/-/tsx-control-statements-0.0.9.tgz",
      "integrity": "sha512-D5+l4U4OIk3Jsa/tyuRKdj5qLG+heZl5Tv+WzJjA1P1MmdUuCjSqgKjekGYZlhK3aWkPixzGAv40xT8VcJXNEw=="
    }
  }
}
